
Microsoft Visual Studio Solution File, Format Version 12.00
# Visual Studio Version 17
VisualStudioVersion = 17.3.32825.248
MinimumVisualStudioVersion = 10.0.40219.1
Project("{FAE04EC0-301F-11D3-BF4B-00C04F79EFBC}") = "WinFormsAppPrueba", "WinFormsAppPrueba\WinFormsAppPrueba.csproj", "{2B629A96-B017-4B65-9BAD-82E7377A049B}"
EndProject
Global
	GlobalSection(SolutionConfigurationPlatforms) = preSolution
		Debug|Any CPU = Debug|Any CPU
		Release|Any CPU = Release|Any CPU
	EndGlobalSection
	GlobalSection(ProjectConfigurationPlatforms) = postSolution
		{2B629A96-B017-4B65-9BAD-82E7377A049B}.Debug|Any CPU.ActiveCfg = Debug|Any CPU
		{2B629A96-B017-4B65-9BAD-82E7377A049B}.Debug|Any CPU.Build.0 = Debug|Any CPU
		{2B629A96-B017-4B65-9BAD-82E7377A049B}.Release|Any CPU.ActiveCfg = Release|Any CPU
		{2B629A96-B017-4B65-9BAD-82E7377A049B}.Release|Any CPU.Build.0 = Release|Any CPU
	EndGlobalSection
	GlobalSection(SolutionProperties) = preSolution
		HideSolutionNode = FALSE
	EndGlobalSection
	GlobalSection(ExtensibilityGlobals) = postSolution
		SolutionGuid = {6564A184-2A0B-4A7F-9F9E-A679AE8B280C}
	EndGlobalSection
EndGlobal
