
Microsoft Visual Studio Solution File, Format Version 12.00
# Visual Studio Version 17
VisualStudioVersion = 17.3.32825.248
MinimumVisualStudioVersion = 10.0.40219.1
Project("{FAE04EC0-301F-11D3-BF4B-00C04F79EFBC}") = "ExpresionesRegulares", "ExpresionesRegulares\ExpresionesRegulares.csproj", "{EBE3F153-49FE-4A50-A3D3-FD59AC8CCE73}"
EndProject
Global
	GlobalSection(SolutionConfigurationPlatforms) = preSolution
		Debug|Any CPU = Debug|Any CPU
		Release|Any CPU = Release|Any CPU
	EndGlobalSection
	GlobalSection(ProjectConfigurationPlatforms) = postSolution
		{EBE3F153-49FE-4A50-A3D3-FD59AC8CCE73}.Debug|Any CPU.ActiveCfg = Debug|Any CPU
		{EBE3F153-49FE-4A50-A3D3-FD59AC8CCE73}.Debug|Any CPU.Build.0 = Debug|Any CPU
		{EBE3F153-49FE-4A50-A3D3-FD59AC8CCE73}.Release|Any CPU.ActiveCfg = Release|Any CPU
		{EBE3F153-49FE-4A50-A3D3-FD59AC8CCE73}.Release|Any CPU.Build.0 = Release|Any CPU
	EndGlobalSection
	GlobalSection(SolutionProperties) = preSolution
		HideSolutionNode = FALSE
	EndGlobalSection
	GlobalSection(ExtensibilityGlobals) = postSolution
		SolutionGuid = {69B373CD-918E-4C40-A177-040642262B5F}
	EndGlobalSection
EndGlobal
